
Microsoft Visual Studio Solution File, Format Version 12.00
# Visual Studio Version 16
VisualStudioVersion = 16.0.29230.47
MinimumVisualStudioVersion = 10.0.40219.1
Project("{FAE04EC0-301F-11D3-BF4B-00C04F79EFBC}") = "MsfTeamBuilderAPI", "MsfTeamBuilderAPI\MsfTeamBuilderAPI.csproj", "{0FD09C79-B01B-41C7-948C-3C29E64C2EA3}"
EndProject
Global
	GlobalSection(SolutionConfigurationPlatforms) = preSolution
		Debug|Any CPU = Debug|Any CPU
		Release|Any CPU = Release|Any CPU
	EndGlobalSection
	GlobalSection(ProjectConfigurationPlatforms) = postSolution
		{0FD09C79-B01B-41C7-948C-3C29E64C2EA3}.Debug|Any CPU.ActiveCfg = Debug|Any CPU
		{0FD09C79-B01B-41C7-948C-3C29E64C2EA3}.Debug|Any CPU.Build.0 = Debug|Any CPU
		{0FD09C79-B01B-41C7-948C-3C29E64C2EA3}.Release|Any CPU.ActiveCfg = Release|Any CPU
		{0FD09C79-B01B-41C7-948C-3C29E64C2EA3}.Release|Any CPU.Build.0 = Release|Any CPU
	EndGlobalSection
	GlobalSection(SolutionProperties) = preSolution
		HideSolutionNode = FALSE
	EndGlobalSection
	GlobalSection(ExtensibilityGlobals) = postSolution
		SolutionGuid = {638CF447-B27C-4971-8DA1-ECA0D9C002ED}
	EndGlobalSection
EndGlobal
